
Microsoft Visual Studio Solution File, Format Version 12.00
# Visual Studio 15
VisualStudioVersion = 15.0.27703.2018
MinimumVisualStudioVersion = 10.0.40219.1
Project("{FAE04EC0-301F-11D3-BF4B-00C04F79EFBC}") = "EYE", "EYE\EYE.csproj", "{F19EF107-098E-47D3-A6F6-C461EAAAF327}"
EndProject
Global
	GlobalSection(SolutionConfigurationPlatforms) = preSolution
		Debug|Any CPU = Debug|Any CPU
		Release|Any CPU = Release|Any CPU
	EndGlobalSection
	GlobalSection(ProjectConfigurationPlatforms) = postSolution
		{F19EF107-098E-47D3-A6F6-C461EAAAF327}.Debug|Any CPU.ActiveCfg = Debug|Any CPU
		{F19EF107-098E-47D3-A6F6-C461EAAAF327}.Debug|Any CPU.Build.0 = Debug|Any CPU
		{F19EF107-098E-47D3-A6F6-C461EAAAF327}.Release|Any CPU.ActiveCfg = Release|Any CPU
		{F19EF107-098E-47D3-A6F6-C461EAAAF327}.Release|Any CPU.Build.0 = Release|Any CPU
	EndGlobalSection
	GlobalSection(SolutionProperties) = preSolution
		HideSolutionNode = FALSE
	EndGlobalSection
	GlobalSection(ExtensibilityGlobals) = postSolution
		SolutionGuid = {0A825BEA-5B48-4B03-BB22-00B783A4C7D6}
	EndGlobalSection
EndGlobal
