
Microsoft Visual Studio Solution File, Format Version 12.00
# Visual Studio 15
VisualStudioVersion = 15.0.27703.2035
MinimumVisualStudioVersion = 10.0.40219.1
Project("{FAE04EC0-301F-11D3-BF4B-00C04F79EFBC}") = "Eye", "Eye\Eye.csproj", "{408307BA-2E19-4058-88CA-76D67167B43D}"
EndProject
Global
	GlobalSection(SolutionConfigurationPlatforms) = preSolution
		Debug|Any CPU = Debug|Any CPU
		Release|Any CPU = Release|Any CPU
	EndGlobalSection
	GlobalSection(ProjectConfigurationPlatforms) = postSolution
		{408307BA-2E19-4058-88CA-76D67167B43D}.Debug|Any CPU.ActiveCfg = Debug|Any CPU
		{408307BA-2E19-4058-88CA-76D67167B43D}.Debug|Any CPU.Build.0 = Debug|Any CPU
		{408307BA-2E19-4058-88CA-76D67167B43D}.Release|Any CPU.ActiveCfg = Release|Any CPU
		{408307BA-2E19-4058-88CA-76D67167B43D}.Release|Any CPU.Build.0 = Release|Any CPU
	EndGlobalSection
	GlobalSection(SolutionProperties) = preSolution
		HideSolutionNode = FALSE
	EndGlobalSection
	GlobalSection(ExtensibilityGlobals) = postSolution
		SolutionGuid = {19F1539C-9C55-4EC9-A60A-087AA662689E}
	EndGlobalSection
EndGlobal
